
Microsoft Visual Studio Solution File, Format Version 12.00
# Visual Studio Version 16
VisualStudioVersion = 16.0.30413.136
MinimumVisualStudioVersion = 10.0.40219.1
Project("{FAE04EC0-301F-11D3-BF4B-00C04F79EFBC}") = "WS Calculadora", "WS Calculadora\WS Calculadora.csproj", "{461F98AD-5345-4517-A143-CAE1EB22F573}"
EndProject
Global
	GlobalSection(SolutionConfigurationPlatforms) = preSolution
		Debug|Any CPU = Debug|Any CPU
		Release|Any CPU = Release|Any CPU
	EndGlobalSection
	GlobalSection(ProjectConfigurationPlatforms) = postSolution
		{461F98AD-5345-4517-A143-CAE1EB22F573}.Debug|Any CPU.ActiveCfg = Debug|Any CPU
		{461F98AD-5345-4517-A143-CAE1EB22F573}.Debug|Any CPU.Build.0 = Debug|Any CPU
		{461F98AD-5345-4517-A143-CAE1EB22F573}.Release|Any CPU.ActiveCfg = Release|Any CPU
		{461F98AD-5345-4517-A143-CAE1EB22F573}.Release|Any CPU.Build.0 = Release|Any CPU
	EndGlobalSection
	GlobalSection(SolutionProperties) = preSolution
		HideSolutionNode = FALSE
	EndGlobalSection
	GlobalSection(ExtensibilityGlobals) = postSolution
		SolutionGuid = {285724DB-F9A9-4202-AEBA-B4C784DC65E1}
	EndGlobalSection
EndGlobal
